{
    "_meta": {
        "hash": {
            "sha256": "0dbfa1b82ca270619dea8f0f6d520a8fe812d1d0efeea40a8fd3ebf02b2d3c94"
        },
        "pipfile-spec": 6,
        "requires": {
            "python_version": "3.7"
        },
        "sources": [
            {
                "name": "pypi",
                "url": "https://pypi.org/simple",
                "verify_ssl": true
            }
        ]
    },
    "default": {
        "absl-py": {
            "hashes": [
                "sha256:afe94e3c751ff81aad55d33ab6e630390da32780110b5af72ae81ecff8418d9e",
                "sha256:b44f68984a5ceb2607d135a615999b93924c771238a63920d17d3387b0d229d5"
            ],
            "version": "==0.12.0"
        },
        "astor": {
            "hashes": [
                "sha256:070a54e890cefb5b3739d19f30f5a5ec840ffc9c50ffa7d23cc9fc1a38ebbfc5",
                "sha256:6a6effda93f4e1ce9f618779b2dd1d9d84f1e32812c23a29b3fff6fd7f63fa5e"
            ],
            "version": "==0.8.1"
        },
        "cached-property": {
            "hashes": [
                "sha256:9fa5755838eecbb2d234c3aa390bd80fbd3ac6b6869109bfc1b499f7bd89a130",
                "sha256:df4f613cf7ad9a588cc381aaf4a512d26265ecebd5eb9e1ba12f1319eb85a6a0"
            ],
            "markers": "python_version < '3.8'",
            "version": "==1.5.2"
        },
        "certifi": {
            "hashes": [
                "sha256:1a4995114262bffbc2413b159f2a1a480c969de6e6eb13ee966d470af86af59c",
                "sha256:719a74fb9e33b9bd44cc7f3a8d94bc35e4049deebe19ba7d8e108280cfd59830"
            ],
            "version": "==2020.12.5"
        },
        "chardet": {
            "hashes": [
                "sha256:84ab92ed1c4d4f16916e05906b6b75a6c0fb5db821cc65e70cbd64a3e2a5eaae",
                "sha256:fc323ffcaeaed0e0a02bf4d117757b98aed530d9ed4531e3e15460124c106691"
            ],
            "version": "==3.0.4"
        },
        "click": {
            "hashes": [
                "sha256:d2b5255c7c6349bc1bd1e59e08cd12acbbd63ce649f2588755783aa94dfb6b1a",
                "sha256:dacca89f4bfadd5de3d7489b7c8a566eee0d3676333fbb50030263894c38c0dc"
            ],
            "version": "==7.1.2"
        },
        "flask": {
            "hashes": [
                "sha256:4efa1ae2d7c9865af48986de8aeb8504bf32c7f3d6fdc9353d34b21f4b127060",
                "sha256:8a4fdd8936eba2512e9c85df320a37e694c93945b33ef33c89946a340a238557"
            ],
            "index": "pypi",
            "version": "==1.1.2"
        },
        "flask-cors": {
            "hashes": [
                "sha256:6bcfc100288c5d1bcb1dbb854babd59beee622ffd321e444b05f24d6d58466b8",
                "sha256:cee4480aaee421ed029eaa788f4049e3e26d15b5affb6a880dade6bafad38324"
            ],
            "index": "pypi",
            "version": "==3.0.9"
        },
        "gast": {
            "hashes": [
                "sha256:fe939df4583692f0512161ec1c880e0a10e71e6a232da045ab8edd3756fbadf0"
            ],
            "version": "==0.2.2"
        },
        "google-pasta": {
            "hashes": [
                "sha256:4612951da876b1a10fe3960d7226f0c7682cf901e16ac06e473b267a5afa8954",
                "sha256:b32482794a366b5366a32c92a9a9201b107821889935a02b3e51f6b432ea84ed",
                "sha256:c9f2c8dfc8f96d0d5808299920721be30c9eec37f2389f28904f454565c8a16e"
            ],
            "version": "==0.2.0"
        },
        "grpcio": {
            "hashes": [
                "sha256:025fa7dffb0cf724070cfcbe2ff600a18b0cf84642ede5c92f2717162e2a8c95",
                "sha256:0b8817acef140cb9a3543208c13282d3bf4bb0103e930ddbb779677604085ada",
                "sha256:0d64b5995e17eb9f086e82e6a4edadd1295827b593be71b516e7a442067784b5",
                "sha256:1aab01ee3e4b88ed6419f0b25ff21c83deb6c823c6fb77e655def0796526e3a3",
                "sha256:1de472a3c2a3d89d4d400d8179f2777ec99f7da0e87c0c1f196226141816d621",
                "sha256:22b0cc3531d3c405fae9a8519004a0e62ecbd1f005b55b3622098a4881d36b96",
                "sha256:23666be3ed366f647f09c9caf89c48ca0daa12be8fe4786e5a368a6cd69de1f6",
                "sha256:264f6d9a922f5124f79f50b1880349fd16c657a9b4fdf0f29fca939d40584f7f",
                "sha256:30807f3979ebb3872588fa166876a2a24febe17e0db5950d5bedd67320d11b8c",
                "sha256:30ba9712547c9497a438bfeb2c7f393fa983df1609e1c81243d4b0d1b1bfefbf",
                "sha256:34d6f626062e7ef47ab30ff8976825c58fa8846ccd8c645b57291ccc74b9d413",
                "sha256:37e265b72e69ef8e33efca8d1123bdc349ae3eabb92563e76adfce209c9df51a",
                "sha256:3ee1bef5f5e4208998cdef44933db3c30c52a7ebde424cfc4186404ffded1d35",
                "sha256:4493365334baaa3d775f5e4a91d9a844ac676560232223405a0964dfddb31924",
                "sha256:4850c96d3a22d941b0d6af4dccbc739caec7f367b783aad049c843b28b458ff0",
                "sha256:494cce1709f7cd63c2610c25b41f886048f1d993511ddb23f766b77ac142ba78",
                "sha256:4c0503b5ef6fcabc52c296d750a095ef29fd707d0f85322e95e5c261b3a684f9",
                "sha256:5dabaac759a98bcfd979d22874dcd7ccf8779678a2fe841d355dd93fee143974",
                "sha256:609297d3d5d32f47e04bf7dc61c7756df50bc37dec4dfd63e996388eba42fb3b",
                "sha256:640f49187105fb6c2b1b7acea06df3b0ccf5fe33a075c73b8a741013bc5cc802",
                "sha256:67b482c810d05d9317e29b82900864ab888b9f842701906ba54c3eb176cd8eab",
                "sha256:6ad11c1ea337720a42fc31959bd44a38b8837e3ae25bdab681e2e1a28096b02a",
                "sha256:6f44b8244bafcbea63daff222ae1b27d048b9d8fd47eb3d11e61ee092078e766",
                "sha256:728292f5ccb849f30774c0805ef5c39452b3a5f4d193ac499ae5b78d268ff64b",
                "sha256:74aad86c7c1b9163d01c3d9e75861e9b09c65e0947592ca315c30353a0f6c4d1",
                "sha256:7533d2c9698dd3038fcf3dd0df243b76a9e0db8008f8575c305e20a3593189eb",
                "sha256:7b2a2cf3621f94b123a9d7a68e4a8d948b29520136f096927f7c9653f24c8fca",
                "sha256:80c3c9d24ecd236571d3c86657243431a8bafef022dcce83f9f2aeb6eecb96b9",
                "sha256:8d3cdca5cfd6761a8824bc8acc8ac7bc37ad5ef75899308ca0458cf7952ce12d",
                "sha256:8f5a16f8b650efddd5ff3f750cca5b45c045923be13e79cdd1b886332307f46a",
                "sha256:9364f35949c3cff5470b583a03ccfd927b71cbe1ab7583a6529d5d67ed76e91e",
                "sha256:9674fffd1f599aec7389a61d48c1a8c8aaba69591609895911c6d8386d86dd45",
                "sha256:99a627471275f93d400399b55e4c1d798602ff79d693e7def0a0b276912bff7e",
                "sha256:a1cd40eac72d3c914eea73f8f7730ddbd86061098a8ce712d1ce108e9d87d449",
                "sha256:ac4174b1cf4daea0653fcfee7676bb04a8a43644e9ddf1913834d1542a9c697b",
                "sha256:ad03ff6b15f3481f3c999d5d22b5c56295dffc49b8e2cbdbc04c7bf358d3034e",
                "sha256:b7cc965538da06c9e9cf0e01bae91f274c75baf224ca6a734717c0f003ddf1f2",
                "sha256:b948a00764fee55cf111e0bf3d987167557152abf879f2c13bd2f278a6247ded",
                "sha256:c87599137f6022ed5079b0df47da83134b9810d4b00999b87edfc901347f26a9",
                "sha256:d232802ba15b465000263bc17171f9863173b7669bdd72dbdffdfcc0f6e637dc",
                "sha256:d7ae05ded17c4697ef80784dc89cad3025db0d90c5a8a0ada47a8d0749617d58",
                "sha256:df8305806311d3fe913d4f7eb3ef28e2072159ea12f95baab5d447f1380a71e3",
                "sha256:e236d0580f7e69a35c420ce60f960b294e9dc973b8c31499fa476eb4d4ba4088",
                "sha256:e3e0fb7d32f163699cef5132b060e3f613dc914408164eb3e3ac69095861ea04",
                "sha256:e72d8df53624098d8b1fe01c961888d61f90d7c0aa8116d76db80a535da9b445",
                "sha256:e7da0319003d150611b30cd864e0474a283324b3db9107107aa3ef9a71c53130",
                "sha256:ee0537fe2423307b885ba44e6789249e6d7624247cb38a20b9f38f4b40f5ab03",
                "sha256:f1287ae8a3bef97fd702dac95967aaf52031a6dceb2bd30da165f16e3b617293",
                "sha256:f6a73167fce4a41e5c0b34ceaad1048a14e9eeb4fc324da49da0537c199efab7",
                "sha256:f933dd10948a5e5ed4258a1581e45aec1bb84069e62368084eb2dcf4cce51e78",
                "sha256:fa279b99878bae9b804c09e023f2b47de79d0b5e813ab85ddf28673784d610f0"
            ],
            "version": "==1.37.1"
        },
        "h5py": {
            "hashes": [
                "sha256:25294f2690c4813475f566663a21ef1c1b11ef892b26d46454bf0a59e507d5aa",
                "sha256:4160cb0d35a83c6fb9f1cad65e826dfaeb044e001549ea78003573fb6bee4042",
                "sha256:6766104ed13ff40b3b7bfd49f13fced5274103ee9af53667e7a97c5236b14741",
                "sha256:7c5b5f18c96fb63399280a724734fd91e1781c6b60e385e439ad8e654a294ba4",
                "sha256:89474be911bfcdb34cbf0d98b8ec48b578c27a89fdb1ae4ee7513f1ef8d9249e",
                "sha256:90ee8a00aca5c4e0bbd821c1f6118cb9a814c15dcfdb03572c615a4431166480",
                "sha256:a6632ac11167bbad1a8fc5c82508b97ab8c12bdfe4b659254b6f7f63d3c76744",
                "sha256:d791b710d3e54c4d2c32cb881b183db5674ceb03bf6a0c1f3fb3cf50d8997e0a",
                "sha256:d8467fa56356ad2efad2b5986326e71d4d74505de6f6c7bb46dbba09b37459ac",
                "sha256:fdabe99139a9c5e1a416b7ed38c89505f8501b376d54496e1bb737cb33df61cf"
            ],
            "version": "==3.2.1"
        },
        "idna": {
            "hashes": [
                "sha256:c357b3f628cf53ae2c4c05627ecc484553142ca23264e593d327bcde5e9c3407",
                "sha256:ea8b7f6188e6fa117537c3df7da9fc686d485087abf6ac197f9c46432f7e4a3c"
            ],
            "version": "==2.8"
        },
        "importlib-metadata": {
            "hashes": [
                "sha256:8c501196e49fb9df5df43833bdb1e4328f64847763ec8a50703148b73784d581",
                "sha256:d7eb1dea6d6a6086f8be21784cc9e3bcfa55872b52309bc5fad53a8ea444465d"
            ],
            "markers": "python_version < '3.8'",
            "version": "==4.0.1"
        },
        "itsdangerous": {
            "hashes": [
                "sha256:321b033d07f2a4136d3ec762eac9f16a10ccd60f53c0c91af90217ace7ba1f19",
                "sha256:b12271b2047cb23eeb98c8b5622e2e5c5e9abd9784a153e9d8ef9cb4dd09d749"
            ],
            "version": "==1.1.0"
        },
        "jinja2": {
            "hashes": [
                "sha256:03e47ad063331dd6a3f04a43eddca8a966a26ba0c5b7207a9a9e4e08f1b29419",
                "sha256:a6d58433de0ae800347cab1fa3043cebbabe8baa9d29e668f1c768cb87a333c6"
            ],
            "version": "==2.11.3"
        },
        "joblib": {
            "hashes": [
                "sha256:9c17567692206d2f3fb9ecf5e991084254fe631665c450b443761c4186a613f7",
                "sha256:feeb1ec69c4d45129954f1b7034954241eedfd6ba39b5e9e4b6883be3332d5e5"
            ],
            "version": "==1.0.1"
        },
        "keras": {
            "hashes": [
                "sha256:321d43772006a25a1d58eea17401ef2a34d388b588c9f7646c34796151ebc8cc",
                "sha256:d08a57bd63546175f8f19232ba05906514d419da3e0af8ef7437fa1c11442e20"
            ],
            "index": "pypi",
            "version": "==2.3.1"
        },
        "keras-applications": {
            "hashes": [
                "sha256:5579f9a12bcde9748f4a12233925a59b93b73ae6947409ff34aa2ba258189fe5",
                "sha256:df4323692b8c1174af821bf906f1e442e63fa7589bf0f1230a0b6bdc5a810c95"
            ],
            "index": "pypi",
            "version": "==1.0.8"
        },
        "keras-preprocessing": {
            "hashes": [
                "sha256:7b82029b130ff61cc99b55f3bd27427df4838576838c5b2f65940e4fcec99a7b",
                "sha256:add82567c50c8bc648c14195bf544a5ce7c1f76761536956c3d2978970179ef3"
            ],
            "version": "==1.1.2"
        },
        "keras-utils": {
            "hashes": [
                "sha256:2e0269412869b38a321356421bfc12f5787e37752601dd2c000b6d87d86a5a7a"
            ],
            "index": "pypi",
            "version": "==1.0.13"
        },
        "kiwisolver": {
            "hashes": [
                "sha256:05b5b061e09f60f56244adc885c4a7867da25ca387376b02c1efc29cc16bcd0f",
                "sha256:210d8c39d01758d76c2b9a693567e1657ec661229bc32eac30761fa79b2474b0",
                "sha256:26f4fbd6f5e1dabff70a9ba0d2c4bd30761086454aa30dddc5b52764ee4852b7",
                "sha256:3b15d56a9cd40c52d7ab763ff0bc700edbb4e1a298dc43715ecccd605002cf11",
                "sha256:3b2378ad387f49cbb328205bda569b9f87288d6bc1bf4cd683c34523a2341efe",
                "sha256:400599c0fe58d21522cae0e8b22318e09d9729451b17ee61ba8e1e7c0346565c",
                "sha256:47b8cb81a7d18dbaf4fed6a61c3cecdb5adec7b4ac292bddb0d016d57e8507d5",
                "sha256:53eaed412477c836e1b9522c19858a8557d6e595077830146182225613b11a75",
                "sha256:58e626e1f7dfbb620d08d457325a4cdac65d1809680009f46bf41eaf74ad0187",
                "sha256:5a52e1b006bfa5be04fe4debbcdd2688432a9af4b207a3f429c74ad625022641",
                "sha256:5c7ca4e449ac9f99b3b9d4693debb1d6d237d1542dd6a56b3305fe8a9620f883",
                "sha256:682e54f0ce8f45981878756d7203fd01e188cc6c8b2c5e2cf03675390b4534d5",
                "sha256:76275ee077772c8dde04fb6c5bc24b91af1bb3e7f4816fd1852f1495a64dad93",
                "sha256:79bfb2f0bd7cbf9ea256612c9523367e5ec51d7cd616ae20ca2c90f575d839a2",
                "sha256:7f4dd50874177d2bb060d74769210f3bce1af87a8c7cf5b37d032ebf94f0aca3",
                "sha256:8944a16020c07b682df861207b7e0efcd2f46c7488619cb55f65882279119389",
                "sha256:8aa7009437640beb2768bfd06da049bad0df85f47ff18426261acecd1cf00897",
                "sha256:9105ce82dcc32c73eb53a04c869b6a4bc756b43e4385f76ea7943e827f529e4d",
                "sha256:933df612c453928f1c6faa9236161a1d999a26cd40abf1dc5d7ebbc6dbfb8fca",
                "sha256:939f36f21a8c571686eb491acfffa9c7f1ac345087281b412d63ea39ca14ec4a",
                "sha256:9491578147849b93e70d7c1d23cb1229458f71fc79c51d52dce0809b2ca44eea",
                "sha256:9733b7f64bd9f807832d673355f79703f81f0b3e52bfce420fc00d8cb28c6a6c",
                "sha256:a02f6c3e229d0b7220bd74600e9351e18bc0c361b05f29adae0d10599ae0e326",
                "sha256:a0c0a9f06872330d0dd31b45607197caab3c22777600e88031bfe66799e70bb0",
                "sha256:aa716b9122307c50686356cfb47bfbc66541868078d0c801341df31dca1232a9",
                "sha256:acc4df99308111585121db217681f1ce0eecb48d3a828a2f9bbf9773f4937e9e",
                "sha256:b64916959e4ae0ac78af7c3e8cef4becee0c0e9694ad477b4c6b3a536de6a544",
                "sha256:d22702cadb86b6fcba0e6b907d9f84a312db9cd6934ee728144ce3018e715ee1",
                "sha256:d3fcf0819dc3fea58be1fd1ca390851bdb719a549850e708ed858503ff25d995",
                "sha256:d52e3b1868a4e8fd18b5cb15055c76820df514e26aa84cc02f593d99fef6707f",
                "sha256:db1a5d3cc4ae943d674718d6c47d2d82488ddd94b93b9e12d24aabdbfe48caee",
                "sha256:e3a21a720791712ed721c7b95d433e036134de6f18c77dbe96119eaf7aa08004",
                "sha256:e8bf074363ce2babeb4764d94f8e65efd22e6a7c74860a4f05a6947afc020ff2",
                "sha256:f16814a4a96dc04bf1da7d53ee8d5b1d6decfc1a92a63349bb15d37b6a263dd9",
                "sha256:f2b22153870ca5cf2ab9c940d7bc38e8e9089fa0f7e5856ea195e1cf4ff43d5a",
                "sha256:f790f8b3dff3d53453de6a7b7ddd173d2e020fb160baff578d578065b108a05f",
                "sha256:fe51b79da0062f8e9d49ed0182a626a7dc7a0cbca0328f612c6ee5e4711c81e4"
            ],
            "index": "pypi",
            "version": "==1.1.0"
        },
        "markdown": {
            "hashes": [
                "sha256:31b5b491868dcc87d6c24b7e3d19a0d730d59d3e46f4eea6430a321bed387a49",
                "sha256:96c3ba1261de2f7547b46a00ea8463832c921d3f9d6aba3f255a6f71386db20c"
            ],
            "version": "==3.3.4"
        },
        "markupsafe": {
            "hashes": [
                "sha256:00bc623926325b26bb9605ae9eae8a215691f33cae5df11ca5424f06f2d1f473",
                "sha256:09027a7803a62ca78792ad89403b1b7a73a01c8cb65909cd876f7fcebd79b161",
                "sha256:09c4b7f37d6c648cb13f9230d847adf22f8171b1ccc4d5682398e77f40309235",
                "sha256:1027c282dad077d0bae18be6794e6b6b8c91d58ed8a8d89a89d59693b9131db5",
                "sha256:13d3144e1e340870b25e7b10b98d779608c02016d5184cfb9927a9f10c689f42",
                "sha256:195d7d2c4fbb0ee8139a6cf67194f3973a6b3042d742ebe0a9ed36d8b6f0c07f",
                "sha256:22c178a091fc6630d0d045bdb5992d2dfe14e3259760e713c490da5323866c39",
                "sha256:24982cc2533820871eba85ba648cd53d8623687ff11cbb805be4ff7b4c971aff",
                "sha256:29872e92839765e546828bb7754a68c418d927cd064fd4708fab9fe9c8bb116b",
                "sha256:2beec1e0de6924ea551859edb9e7679da6e4870d32cb766240ce17e0a0ba2014",
                "sha256:3b8a6499709d29c2e2399569d96719a1b21dcd94410a586a18526b143ec8470f",
                "sha256:43a55c2930bbc139570ac2452adf3d70cdbb3cfe5912c71cdce1c2c6bbd9c5d1",
                "sha256:46c99d2de99945ec5cb54f23c8cd5689f6d7177305ebff350a58ce5f8de1669e",
                "sha256:500d4957e52ddc3351cabf489e79c91c17f6e0899158447047588650b5e69183",
                "sha256:535f6fc4d397c1563d08b88e485c3496cf5784e927af890fb3c3aac7f933ec66",
                "sha256:596510de112c685489095da617b5bcbbac7dd6384aeebeda4df6025d0256a81b",
                "sha256:62fe6c95e3ec8a7fad637b7f3d372c15ec1caa01ab47926cfdf7a75b40e0eac1",
                "sha256:6788b695d50a51edb699cb55e35487e430fa21f1ed838122d722e0ff0ac5ba15",
                "sha256:6dd73240d2af64df90aa7c4e7481e23825ea70af4b4922f8ede5b9e35f78a3b1",
                "sha256:6f1e273a344928347c1290119b493a1f0303c52f5a5eae5f16d74f48c15d4a85",
                "sha256:6fffc775d90dcc9aed1b89219549b329a9250d918fd0b8fa8d93d154918422e1",
                "sha256:717ba8fe3ae9cc0006d7c451f0bb265ee07739daf76355d06366154ee68d221e",
                "sha256:79855e1c5b8da654cf486b830bd42c06e8780cea587384cf6545b7d9ac013a0b",
                "sha256:7c1699dfe0cf8ff607dbdcc1e9b9af1755371f92a68f706051cc8c37d447c905",
                "sha256:7fed13866cf14bba33e7176717346713881f56d9d2bcebab207f7a036f41b850",
                "sha256:84dee80c15f1b560d55bcfe6d47b27d070b4681c699c572af2e3c7cc90a3b8e0",
                "sha256:88e5fcfb52ee7b911e8bb6d6aa2fd21fbecc674eadd44118a9cc3863f938e735",
                "sha256:8defac2f2ccd6805ebf65f5eeb132adcf2ab57aa11fdf4c0dd5169a004710e7d",
                "sha256:98bae9582248d6cf62321dcb52aaf5d9adf0bad3b40582925ef7c7f0ed85fceb",
                "sha256:98c7086708b163d425c67c7a91bad6e466bb99d797aa64f965e9d25c12111a5e",
                "sha256:9add70b36c5666a2ed02b43b335fe19002ee5235efd4b8a89bfcf9005bebac0d",
                "sha256:9bf40443012702a1d2070043cb6291650a0841ece432556f784f004937f0f32c",
                "sha256:a6a744282b7718a2a62d2ed9d993cad6f5f585605ad352c11de459f4108df0a1",
                "sha256:acf08ac40292838b3cbbb06cfe9b2cb9ec78fce8baca31ddb87aaac2e2dc3bc2",
                "sha256:ade5e387d2ad0d7ebf59146cc00c8044acbd863725f887353a10df825fc8ae21",
                "sha256:b00c1de48212e4cc9603895652c5c410df699856a2853135b3967591e4beebc2",
                "sha256:b1282f8c00509d99fef04d8ba936b156d419be841854fe901d8ae224c59f0be5",
                "sha256:b1dba4527182c95a0db8b6060cc98ac49b9e2f5e64320e2b56e47cb2831978c7",
                "sha256:b2051432115498d3562c084a49bba65d97cf251f5a331c64a12ee7e04dacc51b",
                "sha256:b7d644ddb4dbd407d31ffb699f1d140bc35478da613b441c582aeb7c43838dd8",
                "sha256:ba59edeaa2fc6114428f1637ffff42da1e311e29382d81b339c1817d37ec93c6",
                "sha256:bf5aa3cbcfdf57fa2ee9cd1822c862ef23037f5c832ad09cfea57fa846dec193",
                "sha256:c8716a48d94b06bb3b2524c2b77e055fb313aeb4ea620c8dd03a105574ba704f",
                "sha256:caabedc8323f1e93231b52fc32bdcde6db817623d33e100708d9a68e1f53b26b",
                "sha256:cd5df75523866410809ca100dc9681e301e3c27567cf498077e8551b6d20e42f",
                "sha256:cdb132fc825c38e1aeec2c8aa9338310d29d337bebbd7baa06889d09a60a1fa2",
                "sha256:d53bc011414228441014aa71dbec320c66468c1030aae3a6e29778a3382d96e5",
                "sha256:d73a845f227b0bfe8a7455ee623525ee656a9e2e749e4742706d80a6065d5e2c",
                "sha256:d9be0ba6c527163cbed5e0857c451fcd092ce83947944d6c14bc95441203f032",
                "sha256:e249096428b3ae81b08327a63a485ad0878de3fb939049038579ac0ef61e17e7",
                "sha256:e8313f01ba26fbbe36c7be1966a7b7424942f670f38e666995b88d012765b9be",
                "sha256:feb7b34d6325451ef96bc0e36e1a6c0c1c64bc1fbec4b854f4529e51887b1621"
            ],
            "version": "==1.1.1"
        },
        "numpy": {
            "hashes": [
                "sha256:0778076e764e146d3078b17c24c4d89e0ecd4ac5401beff8e1c87879043a0633",
                "sha256:141c7102f20abe6cf0d54c4ced8d565b86df4d3077ba2343b61a6db996cefec7",
                "sha256:14270a1ee8917d11e7753fb54fc7ffd1934f4d529235beec0b275e2ccf00333b",
                "sha256:27e11c7a8ec9d5838bc59f809bfa86efc8a4fd02e58960fa9c49d998e14332d5",
                "sha256:2a04dda79606f3d2f760384c38ccd3d5b9bb79d4c8126b67aff5eb09a253763e",
                "sha256:3c26010c1b51e1224a3ca6b8df807de6e95128b0908c7e34f190e7775455b0ca",
                "sha256:52c40f1a4262c896420c6ea1c6fda62cf67070e3947e3307f5562bd783a90336",
                "sha256:6e4f8d9e8aa79321657079b9ac03f3cf3fd067bf31c1cca4f56d49543f4356a5",
                "sha256:7242be12a58fec245ee9734e625964b97cf7e3f2f7d016603f9e56660ce479c7",
                "sha256:7dc253b542bfd4b4eb88d9dbae4ca079e7bf2e2afd819ee18891a43db66c60c7",
                "sha256:94f5bd885f67bbb25c82d80184abbf7ce4f6c3c3a41fbaa4182f034bba803e69",
                "sha256:a89e188daa119ffa0d03ce5123dee3f8ffd5115c896c2a9d4f0dbb3d8b95bfa3",
                "sha256:ad3399da9b0ca36e2f24de72f67ab2854a62e623274607e37e0ce5f5d5fa9166",
                "sha256:b0348be89275fd1d4c44ffa39530c41a21062f52299b1e3ee7d1c61f060044b8",
                "sha256:b5554368e4ede1856121b0dfa35ce71768102e4aa55e526cb8de7f374ff78722",
                "sha256:cbddc56b2502d3f87fda4f98d948eb5b11f36ff3902e17cb6cc44727f2200525",
                "sha256:d79f18f41751725c56eceab2a886f021d70fd70a6188fd386e29a045945ffc10",
                "sha256:dc2ca26a19ab32dc475dbad9dfe723d3a64c835f4c23f625c2b6566ca32b9f29",
                "sha256:dd9bcd4f294eb0633bb33d1a74febdd2b9018b8b8ed325f861fffcd2c7660bb8",
                "sha256:e8baab1bc7c9152715844f1faca6744f2416929de10d7639ed49555a85549f52",
                "sha256:ec31fe12668af687b99acf1567399632a7c47b0e17cfb9ae47c098644ef36797",
                "sha256:f12b4f7e2d8f9da3141564e6737d79016fe5336cc92de6814eba579744f65b0a",
                "sha256:f58ac38d5ca045a377b3b377c84df8175ab992c970a53332fa8ac2373df44ff7"
            ],
            "index": "pypi",
            "version": "==1.16.4"
        },
        "oauthlib": {
            "hashes": [
                "sha256:bee41cc35fcca6e988463cacc3bcb8a96224f470ca547e697b604cc697b2f889",
                "sha256:df884cd6cbe20e32633f1db1072e9356f53638e4361bef4e8b03c9127c9328ea"
            ],
            "version": "==3.1.0"
        },
        "opencv-contrib-python": {
            "hashes": [
                "sha256:03a18245917acada8e69dd3171c75147cc8cac1aa9d3e5a3ffd346187d35d84b",
                "sha256:103faa075c4b087a94e4bf16264653dc17bdf0a1128e7b91f7e01f9b070e221d",
                "sha256:174eb016cc9186eb56e3ca381d1f684b5f2976f86000be2ec237394208c6b2f1",
                "sha256:18cc04cbb03ad5ac1a9bfc5f909fb1435f7cbf3a9c9453da6dabb2f2a90b8fb1",
                "sha256:1bd955bfde43a1c4cc52687955548f8931d01d558cfefc17e07269c2cd7dc9f7",
                "sha256:1cd1343832de47faf6f7961a685a9d53dd36f77533c6f587406ac894f0fa7777",
                "sha256:1f80cab0304f4cb2a4226d5d2a74084b0dca391f351686d5e59b861a43e63286",
                "sha256:302d4a2e8d39da9f2140d94ac9a0607b18db4c8dfaef6c1de4783de1533b26f3",
                "sha256:36efcc33a91149cb9bec80664b866509632dd0707b0a06982322c869b6c92056",
                "sha256:3dcbe2214828349f3e588e33802fa6be17fdd28243185d7fe97e595779952ced",
                "sha256:4e271d3c312500dc7c4ce44b6b882927481a0e02812cf8e7d239fa3749ce705e",
                "sha256:53194df820da959658f72dd9d4dc8421c43e464706c8a6ce8315a94a16e2eba6",
                "sha256:6ad182b2c88691938eca7a16b5bdb690fec1f58c87c34e605931ffb7b7dbacc1",
                "sha256:77aa8368b5adf217b97d238e09ab263a367640052e64137952f73f328ed0ed5e",
                "sha256:85e3dfc349626a8a49bbb57cf2e835a524b16b78fc76be605acf12998276d900",
                "sha256:8ba5109729281f72126ad2cea767e72937481ac47e5d7169fdf488f55fbcc1c7",
                "sha256:90d63ee7d40090b71fd9d2db63ad39f7e9a050a56c3c050a327a432cde16c14b",
                "sha256:a3cafb855e292c80ceeb83e3d6eb31a0897901ad1c2b92425d5638a30d4904d9",
                "sha256:ac968405976a86d35da933b2e3c222b88bd4ae920881047c452a2354423621a8",
                "sha256:b4713a36fe47466a78624ecf7efc7e251015c61ec24929ba439a13805a50a3ff",
                "sha256:b7f3210ab5585ced2aab5199888b3fa3e75d1b84382cf891c74b5c11d9a69967",
                "sha256:bfff087e02522cc9a465ecb473ddd531c1c8308ed2a5aafed17b26c4e71c9a81",
                "sha256:c8d3353f829d2cad6aaf2dcf8b73cef639533930a767cb0c31a4d9e32b99a4df",
                "sha256:d85eb7116979247b72f2b0f2c8019b8e8334e0c27bcc8722a3c1a868bf8f0c32",
                "sha256:eb94f12d81c7eeff73c08f016fdc28bd949db3372a7507d7f02dcc65396a64f8",
                "sha256:f6559a58bc0277ebb47b8ee8070c73f37d2b3d71b571c2db8e65705a89a5af90",
                "sha256:fe2a2af5787d80757692284146a1a8210423c9679bab9d4ef3a33503a102315b"
            ],
            "index": "pypi",
            "version": "==4.1.2.30"
        },
        "opencv-python": {
            "hashes": [
                "sha256:04bec0a6d3a00360a7fb769b755ff4489a4ac8291821b785151f63e6d8bb59ea",
                "sha256:1a2d1801c038f055852bd2379186ca8b19b4ea24afb0b8410293bc802211579b",
                "sha256:1c7d235faef511aca7669f1aa650897b6c058dfde6412ea3fc58feb0fce78814",
                "sha256:22c2ee5f97f85903bfb28c056566b2ecaa1d2f804b880ab39ebf94528a402992",
                "sha256:25127990671dc8bd27ae8b880d7a39f9aae863052a8fbebe8977c6ce8e5fc0c9",
                "sha256:3cef82b6a1f748d2f4527f5932a86d54ebd10bd89f6cf59b003c36b1015055f7",
                "sha256:499a0413e7110a934ab56e635252a4c86f8be64de59f94a62318a7b895dc809e",
                "sha256:5f2cf5a0ab244a0a1dbe5ec426c277b55e06ac6a472ad61be77ef643a238cbd3",
                "sha256:5fec35916a6b9ce935f2e2806084303fd4e3fbb0c973a8db8f54b5aca54613cb",
                "sha256:6183c9c7fab4590e0651bc941cde780988c3ad9889bd62de19d581a6f59523ea",
                "sha256:67a236db8db84d7fb0f6e127f360ce6669350ef324839132e22879ec90588dab",
                "sha256:6c32d36f52a6e0c02d1ab0bb95223cb4dd5525a7e8292a747116126b3d34c578",
                "sha256:73a467a78ffd902d2c0265ab6b2e2cdda423d61b3d08685e0c7d0b4572142ff1",
                "sha256:76de8a247970d150b1672c6646cda91217d562682e713721fc9b9bf1434553c4",
                "sha256:919d5c3ec1a62258ba8c68b869b1056186e2355c4474739b199c295547e66cc1",
                "sha256:982d4e80c14356098cde57a6c7d18fe0928a1c3118675bac2252ef38f152e1ab",
                "sha256:9d025e6bf2989bcbc7744c26d8bd90c2629a92d8de3ba2416f62ce2a94615dd9",
                "sha256:bb59f98205cd81e29f45eed043cf0f98531486dc0b3f671c9e06fecf08f7ccef",
                "sha256:c8119248457e909dcd7b598621ed1d139419d69377e8cb4e2b2c49c819de287d",
                "sha256:ce7b1f25be04b04f2e678b2bf23a975137f77406dcee66a88a2daeb77cda3e76",
                "sha256:d64428bf59ab4d27620b00a2ad6fea2b4d62016a17849c82a7517ec12db97d55",
                "sha256:e2ffa3161b8662112f1880734e8b9549d0c9e818e59f652a9d1c5bf31e36586a",
                "sha256:e6fc00ac42c800fad5fb3927cfb9bf4e60bb3302cb9805f45b826d5d2546119a",
                "sha256:e793df2e12093b3a01006b5b27f321e306193c7a5c9e2a6c8bf652e1ad2d6a86",
                "sha256:eae543b3e9253ff702103333aabd87736b5ed5e46ab834d8e0b929f08f494dee",
                "sha256:f0af656402b73ead2d9f593c2774c04b01e2d0c63e4f99e0dc2f3fde99be22b4"
            ],
            "index": "pypi",
            "version": "==4.1.2.30"
        },
        "opt-einsum": {
            "hashes": [
                "sha256:2455e59e3947d3c275477df7f5205b30635e266fe6dc300e3d9f9646bfcea147",
                "sha256:59f6475f77bbc37dcf7cd748519c0ec60722e91e63ca114e68821c0c54a46549"
            ],
            "version": "==3.3.0"
        },
        "pandas": {
            "hashes": [
                "sha256:00dff3a8e337f5ed7ad295d98a31821d3d0fe7792da82d78d7fd79b89c03ea9d",
                "sha256:22361b1597c8c2ffd697aa9bf85423afa9e1fcfa6b1ea821054a244d5f24d75e",
                "sha256:255920e63850dc512ce356233081098554d641ba99c3767dde9e9f35630f994b",
                "sha256:26382aab9c119735908d94d2c5c08020a4a0a82969b7e5eefb92f902b3b30ad7",
                "sha256:33970f4cacdd9a0ddb8f21e151bfb9f178afb7c36eb7c25b9094c02876f385c2",
                "sha256:4545467a637e0e1393f7d05d61dace89689ad6d6f66f267f86fff737b702cce9",
                "sha256:52da74df8a9c9a103af0a72c9d5fdc8e0183a90884278db7f386b5692a2220a4",
                "sha256:61741f5aeb252f39c3031d11405305b6d10ce663c53bc3112705d7ad66c013d0",
                "sha256:6a3ac2c87e4e32a969921d1428525f09462770c349147aa8e9ab95f88c71ec71",
                "sha256:7458c48e3d15b8aaa7d575be60e1e4dd70348efcd9376656b72fecd55c59a4c3",
                "sha256:78bf638993219311377ce9836b3dc05f627a666d0dbc8cec37c0ff3c9ada673b",
                "sha256:8153705d6545fd9eb6dd2bc79301bff08825d2e2f716d5dced48daafc2d0b81f",
                "sha256:975c461accd14e89d71772e89108a050fa824c0b87a67d34cedf245f6681fc17",
                "sha256:9962957a27bfb70ab64103d0a7b42fa59c642fb4ed4cb75d0227b7bb9228535d",
                "sha256:adc3d3a3f9e59a38d923e90e20c4922fc62d1e5a03d083440468c6d8f3f1ae0a",
                "sha256:bbe3eb765a0b1e578833d243e2814b60c825b7fdbf4cdfe8e8aae8a08ed56ecf",
                "sha256:df8864824b1fe488cf778c3650ee59c3a0d8f42e53707de167ba6b4f7d35f133",
                "sha256:e45055c30a608076e31a9fcd780a956ed3b1fa20db61561b8d88b79259f526f7",
                "sha256:ee50c2142cdcf41995655d499a157d0a812fce55c97d9aad13bc1eef837ed36c"
            ],
            "index": "pypi",
            "version": "==0.25.3"
        },
        "pillow": {
            "hashes": [
                "sha256:0a628977ac2e01ca96aaae247ec2bd38e729631ddf2221b4b715446fd45505be",
                "sha256:4d9ed9a64095e031435af120d3c910148067087541131e82b3e8db302f4c8946",
                "sha256:54ebae163e8412aff0b9df1e88adab65788f5f5b58e625dc5c7f51eaf14a6837",
                "sha256:5bfef0b1cdde9f33881c913af14e43db69815c7e8df429ceda4c70a5e529210f",
                "sha256:5f3546ceb08089cedb9e8ff7e3f6a7042bb5b37c2a95d392fb027c3e53a2da00",
                "sha256:5f7ae9126d16194f114435ebb79cc536b5682002a4fa57fa7bb2cbcde65f2f4d",
                "sha256:62a889aeb0a79e50ecf5af272e9e3c164148f4bd9636cc6bcfa182a52c8b0533",
                "sha256:7406f5a9b2fd966e79e6abdaf700585a4522e98d6559ce37fc52e5c955fade0a",
                "sha256:8453f914f4e5a3d828281a6628cf517832abfa13ff50679a4848926dac7c0358",
                "sha256:87269cc6ce1e3dee11f23fa515e4249ae678dbbe2704598a51cee76c52e19cda",
                "sha256:875358310ed7abd5320f21dd97351d62de4929b0426cdb1eaa904b64ac36b435",
                "sha256:8ac6ce7ff3892e5deaab7abaec763538ffd011f74dc1801d93d3c5fc541feee2",
                "sha256:91b710e3353aea6fc758cdb7136d9bbdcb26b53cefe43e2cba953ac3ee1d3313",
                "sha256:9d2ba4ed13af381233e2d810ff3bab84ef9f18430a9b336ab69eaf3cd24299ff",
                "sha256:a62ec5e13e227399be73303ff301f2865bf68657d15ea50b038d25fc41097317",
                "sha256:ab76e5580b0ed647a8d8d2d2daee170e8e9f8aad225ede314f684e297e3643c2",
                "sha256:bf4003aa538af3f4205c5fac56eacaa67a6dd81e454ffd9e9f055fff9f1bc614",
                "sha256:bf598d2e37cf8edb1a2f26ed3fb255191f5232badea4003c16301cb94ac5bdd0",
                "sha256:c18f70dc27cc5d236f10e7834236aff60aadc71346a5bc1f4f83a4b3abee6386",
                "sha256:c5ed816632204a2fc9486d784d8e0d0ae754347aba99c811458d69fcdfd2a2f9",
                "sha256:dc058b7833184970d1248135b8b0ab702e6daa833be14035179f2acb78ff5636",
                "sha256:ff3797f2f16bf9d17d53257612da84dd0758db33935777149b3334c01ff68865"
            ],
            "index": "pypi",
            "version": "==7.0.0"
        },
        "protobuf": {
            "hashes": [
                "sha256:0277f62b1e42210cafe79a71628c1d553348da81cbd553402a7f7549c50b11d0",
                "sha256:07eec4e2ccbc74e95bb9b3afe7da67957947ee95bdac2b2e91b038b832dd71f0",
                "sha256:1c0e9e56202b9dccbc094353285a252e2b7940b74fdf75f1b4e1b137833fabd7",
                "sha256:1f0b5d156c3df08cc54bc2c8b8b875648ea4cd7ebb2a9a130669f7547ec3488c",
                "sha256:2dc0e8a9e4962207bdc46a365b63a3f1aca6f9681a5082a326c5837ef8f4b745",
                "sha256:3053f13207e7f13dc7be5e9071b59b02020172f09f648e85dc77e3fcb50d1044",
                "sha256:4a054b0b5900b7ea7014099e783fb8c4618e4209fffcd6050857517b3f156e18",
                "sha256:510e66491f1a5ac5953c908aa8300ec47f793130097e4557482803b187a8ee05",
                "sha256:5ff9fa0e67fcab442af9bc8d4ec3f82cb2ff3be0af62dba047ed4187f0088b7d",
                "sha256:90270fe5732c1f1ff664a3bd7123a16456d69b4e66a09a139a00443a32f210b8",
                "sha256:a0a08c6b2e6d6c74a6eb5bf6184968eefb1569279e78714e239d33126e753403",
                "sha256:c5566f956a26cda3abdfacc0ca2e21db6c9f3d18f47d8d4751f2209d6c1a5297",
                "sha256:dab75b56a12b1ceb3e40808b5bd9dfdaef3a1330251956e6744e5b6ed8f8830b",
                "sha256:efa4c4d4fc9ba734e5e85eaced70e1b63fb3c8d08482d839eb838566346f1737",
                "sha256:f17b352d7ce33c81773cf81d536ca70849de6f73c96413f17309f4b43ae7040b",
                "sha256:f42c2f5fb67da5905bfc03733a311f72fa309252bcd77c32d1462a1ad519521e",
                "sha256:f6077db37bfa16494dca58a4a02bfdacd87662247ad6bc1f7f8d13ff3f0013e1",
                "sha256:f80afc0a0ba13339bbab25ca0409e9e2836b12bb012364c06e97c2df250c3343",
                "sha256:f9cadaaa4065d5dd4d15245c3b68b967b3652a3108e77f292b58b8c35114b56c",
                "sha256:fad4f971ec38d8df7f4b632c819bf9bbf4f57cfd7312cf526c69ce17ef32436a"
            ],
            "version": "==3.15.8"
        },
        "python-dateutil": {
            "hashes": [
                "sha256:73ebfe9dbf22e832286dafa60473e4cd239f8592f699aa5adaf10050e6e1823c",
                "sha256:75bb3f31ea686f1197762692a9ee6a7550b59fc6ca3a1f4b5d7e32fb98e2da2a"
            ],
            "version": "==2.8.1"
        },
        "pytz": {
            "hashes": [
                "sha256:83a4a90894bf38e243cf052c8b58f381bfe9a7a483f6a9cab140bc7f702ac4da",
                "sha256:eb10ce3e7736052ed3623d49975ce333bcd712c7bb19a58b9e2089d4057d0798"
            ],
            "version": "==2021.1"
        },
        "pyyaml": {
            "hashes": [
                "sha256:08682f6b72c722394747bddaf0aa62277e02557c0fd1c42cb853016a38f8dedf",
                "sha256:0f5f5786c0e09baddcd8b4b45f20a7b5d61a7e7e99846e3c799b05c7c53fa696",
                "sha256:129def1b7c1bf22faffd67b8f3724645203b79d8f4cc81f674654d9902cb4393",
                "sha256:294db365efa064d00b8d1ef65d8ea2c3426ac366c0c4368d930bf1c5fb497f77",
                "sha256:3b2b1824fe7112845700f815ff6a489360226a5609b96ec2190a45e62a9fc922",
                "sha256:3bd0e463264cf257d1ffd2e40223b197271046d09dadf73a0fe82b9c1fc385a5",
                "sha256:4465124ef1b18d9ace298060f4eccc64b0850899ac4ac53294547536533800c8",
                "sha256:49d4cdd9065b9b6e206d0595fee27a96b5dd22618e7520c33204a4a3239d5b10",
                "sha256:4e0583d24c881e14342eaf4ec5fbc97f934b999a6828693a99157fde912540cc",
                "sha256:5accb17103e43963b80e6f837831f38d314a0495500067cb25afab2e8d7a4018",
                "sha256:607774cbba28732bfa802b54baa7484215f530991055bb562efbed5b2f20a45e",
                "sha256:6c78645d400265a062508ae399b60b8c167bf003db364ecb26dcab2bda048253",
                "sha256:72a01f726a9c7851ca9bfad6fd09ca4e090a023c00945ea05ba1638c09dc3347",
                "sha256:74c1485f7707cf707a7aef42ef6322b8f97921bd89be2ab6317fd782c2d53183",
                "sha256:895f61ef02e8fed38159bb70f7e100e00f471eae2bc838cd0f4ebb21e28f8541",
                "sha256:8c1be557ee92a20f184922c7b6424e8ab6691788e6d86137c5d93c1a6ec1b8fb",
                "sha256:bb4191dfc9306777bc594117aee052446b3fa88737cd13b7188d0e7aa8162185",
                "sha256:bfb51918d4ff3d77c1c856a9699f8492c612cde32fd3bcd344af9be34999bfdc",
                "sha256:c20cfa2d49991c8b4147af39859b167664f2ad4561704ee74c1de03318e898db",
                "sha256:cb333c16912324fd5f769fff6bc5de372e9e7a202247b48870bc251ed40239aa",
                "sha256:d2d9808ea7b4af864f35ea216be506ecec180628aced0704e34aca0b040ffe46",
                "sha256:d483ad4e639292c90170eb6f7783ad19490e7a8defb3e46f97dfe4bacae89122",
                "sha256:dd5de0646207f053eb0d6c74ae45ba98c3395a571a2891858e87df7c9b9bd51b",
                "sha256:e1d4970ea66be07ae37a3c2e48b5ec63f7ba6804bdddfdbd3cfd954d25a82e63",
                "sha256:e4fac90784481d221a8e4b1162afa7c47ed953be40d31ab4629ae917510051df",
                "sha256:fa5ae20527d8e831e8230cbffd9f8fe952815b2b7dae6ffec25318803a7528fc",
                "sha256:fd7f6999a8070df521b6384004ef42833b9bd62cfee11a09bda1079b4b704247",
                "sha256:fdc842473cd33f45ff6bce46aea678a54e3d21f1b61a7750ce3c498eedfe25d6",
                "sha256:fe69978f3f768926cfa37b867e3843918e012cf83f680806599ddce33c2c68b0"
            ],
            "version": "==5.4.1"
        },
        "requests": {
            "hashes": [
                "sha256:11e007a8a2aa0323f5a921e9e6a2d7e4e67d9877e85773fba9ba6419025cbeb4",
                "sha256:9cf5292fcd0f598c671cfc1e0d7d1a7f13bb8085e9a590f48c010551dc6c4b31"
            ],
            "index": "pypi",
            "version": "==2.22.0"
        },
        "requests-oauthlib": {
            "hashes": [
                "sha256:7f71572defaecd16372f9006f33c2ec8c077c3cfa6f5911a9a90202beb513f3d",
                "sha256:b4261601a71fd721a8bd6d7aa1cc1d6a8a93b4a9f5e96626f8e4d91e8beeaa6a"
            ],
            "index": "pypi",
            "version": "==1.3.0"
        },
        "scikit-learn": {
            "hashes": [
                "sha256:06c9816249b9664ef1b04ad6a5d4dfe0c4017c584858c4e658861c2ac5eb4f31",
                "sha256:12ec6b2821a0b4d1b7cbe0e5d6387e64e25e6ec8cfef058b276a14509c3a537b",
                "sha256:13b9ac18d48c051dfea32783067f2e45552e45852b88f3bccdb5c72fa56df3fe",
                "sha256:1e0cb60dae75da9e72d38569d18bbad5008777defd23585035a1314a01af966c",
                "sha256:28033cb7b50b8a6c3762cddd41dc7e5449347dedfa353409a576082e76309d09",
                "sha256:2d35ece66767dd197d020940b1dab3be92ddbb1c96aaef0936d9c4369d544d69",
                "sha256:51ee25330fc244107588545c70e2f3570cfc4017cff09eed69d6e1d82a212b7d",
                "sha256:571476fbb826c87ad300a5aad0238c14a590ab7df5cb823ee19ac077bf13b5f4",
                "sha256:5e0b5bebfd8bd8ab89b58c44acb95ddcc9439b23c875ed597842991cafc18b62",
                "sha256:671874343a0b33bc0dbcae4af0b9a77c55b8132b33887fbfe086681c3f010840",
                "sha256:6fad30299ef3dd103871ad1235b445fd5d2df47c424746eaf3c50fbc99c49cef",
                "sha256:7f1cdfd3c5e9d0951e273f49bb25bd9886537ab77e2273502b8676c3105828ae",
                "sha256:80eec2f54cc7f51c5abb743f09506e009ba2b95bf6fb0e554aa0d8959b680003",
                "sha256:93001af23b0f1e68d93447f9d56bad631d4fc28eafd78b09469fb55aeff715b1",
                "sha256:956a68772df02342af129e8bbe858b3053745c36beb6351a13641e3b56e0df23",
                "sha256:96e1365ba285903e493b1e9505b533171c852f7069d038dcc3395ece952fdc78",
                "sha256:bacc63185520d9eb295d79fa62c388fd7145783920a1fb113451a0b294994cad",
                "sha256:d92b81615854504c27063e0970aed37e644eea5991444558c8aca8fadc1483b3",
                "sha256:d92ed650c32db013f66bba63af4922bd7a9b8c5802d4ee292332e504e567bd4a",
                "sha256:ebdf03b6e7f784e360ab26cf400cd2125d650c0903ef11086c0a3f2b4b07e603",
                "sha256:f18ae2abc09cb94a171840829a8132dda7267c941eb431387a6014f943946825"
            ],
            "index": "pypi",
            "version": "==0.22.1"
        },
        "scipy": {
            "hashes": [
                "sha256:0611ee97296265af4a21164a5323f8c1b4e8e15c582d3dfa7610825900136bb7",
                "sha256:08237eda23fd8e4e54838258b124f1cd141379a5f281b0a234ca99b38918c07a",
                "sha256:0e645dbfc03f279e1946cf07c9c754c2a1859cb4a41c5f70b25f6b3a586b6dbd",
                "sha256:0e9bb7efe5f051ea7212555b290e784b82f21ffd0f655405ac4f87e288b730b3",
                "sha256:108c16640849e5827e7d51023efb3bd79244098c3f21e4897a1007720cb7ce37",
                "sha256:340ef70f5b0f4e2b4b43c8c8061165911bc6b2ad16f8de85d9774545e2c47463",
                "sha256:3ad73dfc6f82e494195144bd3a129c7241e761179b7cb5c07b9a0ede99c686f3",
                "sha256:3b243c77a822cd034dad53058d7c2abf80062aa6f4a32e9799c95d6391558631",
                "sha256:404a00314e85eca9d46b80929571b938e97a143b4f2ddc2b2b3c91a4c4ead9c5",
                "sha256:423b3ff76957d29d1cce1bc0d62ebaf9a3fdfaf62344e3fdec14619bb7b5ad3a",
                "sha256:42d9149a2fff7affdd352d157fa5717033767857c11bd55aa4a519a44343dfef",
                "sha256:625f25a6b7d795e8830cb70439453c9f163e6870e710ec99eba5722775b318f3",
                "sha256:698c6409da58686f2df3d6f815491fd5b4c2de6817a45379517c92366eea208f",
                "sha256:729f8f8363d32cebcb946de278324ab43d28096f36593be6281ca1ee86ce6559",
                "sha256:8190770146a4c8ed5d330d5b5ad1c76251c63349d25c96b3094875b930c44692",
                "sha256:878352408424dffaa695ffedf2f9f92844e116686923ed9aa8626fc30d32cfd1",
                "sha256:8b984f0821577d889f3c7ca8445564175fb4ac7c7f9659b7c60bef95b2b70e76",
                "sha256:8f841bbc21d3dad2111a94c490fb0a591b8612ffea86b8e5571746ae76a3deac",
                "sha256:c22b27371b3866c92796e5d7907e914f0e58a36d3222c5d436ddd3f0e354227a",
                "sha256:d0cdd5658b49a722783b8b4f61a6f1f9c75042d0e29a30ccb6cacc9b25f6d9e2",
                "sha256:d40dc7f494b06dcee0d303e51a00451b2da6119acbeaccf8369f2d29e28917ac",
                "sha256:d8491d4784aceb1f100ddb8e31239c54e4afab8d607928a9f7ef2469ec35ae01",
                "sha256:dfc5080c38dde3f43d8fbb9c0539a7839683475226cf83e4b24363b227dfe552",
                "sha256:e24e22c8d98d3c704bb3410bce9b69e122a8de487ad3dbfe9985d154e5c03a40",
                "sha256:e7a01e53163818d56eabddcafdc2090e9daba178aad05516b20c6591c4811020",
                "sha256:ee677635393414930541a096fc8e61634304bb0153e4e02b75685b11eba14cae",
                "sha256:f0521af1b722265d824d6ad055acfe9bd3341765735c44b5a4d0069e189a0f40",
                "sha256:f25c281f12c0da726c6ed00535ca5d1622ec755c30a3f8eafef26cf43fede694"
            ],
            "index": "pypi",
            "version": "==1.1.0"
        },
        "six": {
            "hashes": [
                "sha256:1e61c37477a1626458e36f7b1d82aa5c9b094fa4802892072e49de9c60c4c926",
                "sha256:8abb2f1d86890a2dfb989f9a77cfcfd3e47c2a354b01111771326f8aa26e0254"
            ],
            "version": "==1.16.0"
        },
        "tensorboard": {
            "hashes": [
                "sha256:4cad2c65f6011e51609b463014c014fd7c6ddd9c1263af1d4f18dd97ed88c2bc",
                "sha256:612b789386aa1b2c4804e1961273b37f8e4dd97613f98bc90ff0402d24627f50"
            ],
            "version": "==1.15.0"
        },
        "tensorflow": {
            "hashes": [
                "sha256:05862fadc752da737e33f0110eafb7511149db043d4836edd68d3608b6c2f521",
                "sha256:34551b8cc446342dac8fdcf79e775e0841aeea38e927b73e2ecf4b2d01277264",
                "sha256:41932b9c080058ff204a1f8e3894c286c69255691c320330770dd8f6ee2cb3e2",
                "sha256:613072266dd60986b79e517f9e4a5f5d7c8495faeb439808db9a493ec3bebf96",
                "sha256:618a7cb1499b0c0d6398f342e9b8ac08497c3105c68942f344dc9bf67ae1f22d",
                "sha256:6b4c94168eb32a111b8510b2d4b1c5b6760bcabd6d56633025e5b99753d62bdf",
                "sha256:a82c2c498ebab190ec2a06aec8455d6f7c191dff5fdd5b5528b416f42b0291b9",
                "sha256:b6c57269009a641a74b3456ef7483e69143ed9762af321b0560db5a72cdcb01f",
                "sha256:ef20ebaf39383271cdd4599e7593d01ebf73be61a59f015e404a36e8d06f7b7e"
            ],
            "index": "pypi",
            "version": "==1.15.2"
        },
        "tensorflow-estimator": {
            "hashes": [
                "sha256:8853bfb7c3c96fbdc80b3d66c37a10af6ccbcd235dc87474764270c02a0f86b9"
            ],
            "version": "==1.15.1"
        },
        "termcolor": {
            "hashes": [
                "sha256:1d6d69ce66211143803fbc56652b41d73b4a400a2891d7bf7a1cdf4c02de613b"
            ],
            "version": "==1.1.0"
        },
        "typing-extensions": {
            "hashes": [
                "sha256:0ac0f89795dd19de6b97debb0c6af1c70987fd80a2d62d1958f7e56fcc31b497",
                "sha256:50b6f157849174217d0656f99dc82fe932884fb250826c18350e159ec6cdf342",
                "sha256:779383f6086d90c99ae41cf0ff39aac8a7937a9283ce0a414e5dd782f4c94a84"
            ],
            "markers": "python_version < '3.8'",
            "version": "==3.10.0.0"
        },
        "urllib3": {
            "hashes": [
                "sha256:8d7eaa5a82a1cac232164990f04874c594c9453ec55eef02eab885aa02fc17a2",
                "sha256:f5321fbe4bf3fefa0efd0bfe7fb14e90909eb62a48ccda331726b4319897dd5e"
            ],
            "version": "==1.25.11"
        },
        "werkzeug": {
            "hashes": [
                "sha256:2de2a5db0baeae7b2d2664949077c2ac63fbd16d98da0ff71837f7d1dea3fd43",
                "sha256:6c80b1e5ad3665290ea39320b91e1be1e0d5f60652b964a3070216de83d2e47c"
            ],
            "version": "==1.0.1"
        },
        "wheel": {
            "hashes": [
                "sha256:78b5b185f0e5763c26ca1e324373aadd49182ca90e825f7853f4b2509215dc0e",
                "sha256:e11eefd162658ea59a60a0f6c7d493a7190ea4b9a85e335b33489d9f17e0245e"
            ],
            "markers": "python_version >= '3'",
            "version": "==0.36.2"
        },
        "wrapt": {
            "hashes": [
                "sha256:b62ffa81fb85f4332a4f609cab4ac40709470da05643a082ec1eb88e6d9b97d7"
            ],
            "version": "==1.12.1"
        },
        "zipp": {
            "hashes": [
                "sha256:3607921face881ba3e026887d8150cca609d517579abe052ac81fc5aeffdbd76",
                "sha256:51cb66cc54621609dd593d1787f286ee42a5c0adbb4b29abea5a63edc3e03098"
            ],
            "version": "==3.4.1"
        }
    },
    "develop": {}
}
